dependencies:
- name: ollama
  repository: https://otwld.github.io/ollama-helm/
  version: 1.57.0
- name: pipelines
  repository: https://helm.openwebui.com
  version: 0.11.0
- name: tika
  repository: https://apache.jfrog.io/artifactory/tika
  version: 3.2.2
- name: terminals
  repository: https://helm.openwebui.com
  version: 0.4.0
digest: sha256:020358f0ef3003e8a103c801e7d4073373b0b5d43676c7327f7033dff5146e3c
generated: "2026-06-01T18:35:47.561988-06:00"
