dependencies:
- name: ollama
  repository: https://otwld.github.io/ollama-helm/
  version: 1.65.0
- name: pipelines
  repository: https://helm.openwebui.com
  version: 0.12.0
- name: tika
  repository: https://apache.jfrog.io/artifactory/tika
  version: 3.2.2
- name: terminals
  repository: https://helm.openwebui.com
  version: 0.5.0
digest: sha256:09f2b5365466173d056fb9b0df2852296c2c25caa3cf46b0035a748d97b057e7
generated: "2026-07-01T09:59:07.487142-06:00"
