dependencies:
- name: ollama
  repository: https://otwld.github.io/ollama-helm/
  version: 1.54.0
- name: pipelines
  repository: https://helm.openwebui.com
  version: 0.11.0
- name: tika
  repository: https://apache.jfrog.io/artifactory/tika
  version: 3.2.2
- name: terminals
  repository: https://helm.openwebui.com
  version: 0.1.0
digest: sha256:94398c76a469739c6293bfdf8774f247669016339195eb8b53ebff2b004b1174
generated: "2026-04-02T10:02:30.257787-06:00"
